
Microsoft Visual Studio Solution File, Format Version 12.00
# Visual Studio Version 17
VisualStudioVersion = 17.8.34322.80
MinimumVisualStudioVersion = 10.0.40219.1
Project("{8BC9CEB8-8B4A-11D0-8D11-00A0C91BC942}") = "01_Intro", "01_Intro\01_Intro.vcxproj", "{9CD02809-5EB9-45CE-9B85-62A2491D733A}"
EndProject
Project("{8BC9CEB8-8B4A-11D0-8D11-00A0C91BC942}") = "02_LogicOperstors", "02_LogicOperstors\02_LogicOperstors.vcxproj", "{909B59D9-789E-4511-B368-860208247608}"
EndProject
Project("{8BC9CEB8-8B4A-11D0-8D11-00A0C91BC942}") = "03_SwitchEnumWhileDoWhile", "03_SwitchEnumWhileDoWhile\03_SwitchEnumWhileDoWhile.vcxproj", "{E952490F-C860-4D23-9738-487DD7DC1A5E}"
EndProject
Project("{8BC9CEB8-8B4A-11D0-8D11-00A0C91BC942}") = "04_For", "04_For\04_For.vcxproj", "{A51B91AA-A76C-411B-9692-986DA2471E45}"
EndProject
Project("{8BC9CEB8-8B4A-11D0-8D11-00A0C91BC942}") = "05_Array", "05_Array\05_Array.vcxproj", "{E17D6DC9-C7D5-4F6B-A9A6-EE05CCA63298}"
EndProject
Project("{8BC9CEB8-8B4A-11D0-8D11-00A0C91BC942}") = "06_Two_Array", "06_Two_Array\06_Two_Array.vcxproj", "{7C439D9F-6DB3-48A6-B682-D018ADD2DF04}"
EndProject
Project("{8BC9CEB8-8B4A-11D0-8D11-00A0C91BC942}") = "07_Functions", "06_Functions\06_Functions.vcxproj", "{D985F633-11CE-4CFD-8EF9-9C82A4C12D81}"
EndProject
Project("{8BC9CEB8-8B4A-11D0-8D11-00A0C91BC942}") = "08_OverloadFunctions", "08_OverloadFunctions\08_OverloadFunctions.vcxproj", "{2E0F48C0-212A-4D8E-9CFA-350749D87F74}"
EndProject
Project("{8BC9CEB8-8B4A-11D0-8D11-00A0C91BC942}") = "09_LinearSearchSort", "09_LinearSearchSort\09_LinearSearchSort.vcxproj", "{9F9F2F23-D6A6-4AE3-86A6-897398AC212C}"
EndProject
Project("{8BC9CEB8-8B4A-11D0-8D11-00A0C91BC942}") = "10_Pointers", "10_Pointers\10_Pointers.vcxproj", "{23B6D079-55A2-42EC-9380-9F97A8CA8505}"
EndProject
Project("{8BC9CEB8-8B4A-11D0-8D11-00A0C91BC942}") = "11_LinksSetPosSetColorSetw", "11_LinksSetPosSetColorSetw\11_LinksSetPosSetColorSetw.vcxproj", "{65DA7285-76AF-4967-88EC-E4407E4F7266}"
EndProject
Project("{8BC9CEB8-8B4A-11D0-8D11-00A0C91BC942}") = "12_C_Style", "12_C_Style\12_C_Style.vcxproj", "{AB89154D-BB19-4D48-B419-1E46FD75A577}"
EndProject
Project("{8BC9CEB8-8B4A-11D0-8D11-00A0C91BC942}") = "13_DynamicMemory", "13_DynamicMemory\13_DynamicMemory.vcxproj", "{8031E63F-D105-45A3-9474-BC4C3142FE28}"
EndProject
Project("{8BC9CEB8-8B4A-11D0-8D11-00A0C91BC942}") = "14_TwoDynamArr", "14_TwoDynamArr\14_TwoDynamArr.vcxproj", "{EBDE6BE4-A598-488A-864F-5521DA0E666D}"
EndProject
Project("{8BC9CEB8-8B4A-11D0-8D11-00A0C91BC942}") = "15_Struct", "15_Struct\15_Struct.vcxproj", "{1FA6EA54-CD00-48AC-8B45-4514ABA47AEF}"
EndProject
Project("{8BC9CEB8-8B4A-11D0-8D11-00A0C91BC942}") = "16_StructSaveToFile", "16_StructSaveToFile\16_StructSaveToFile.vcxproj", "{B05BE55D-B3F9-4A1B-A98B-CF39081A4FA7}"
EndProject
Project("{8BC9CEB8-8B4A-11D0-8D11-00A0C91BC942}") = "17_IntroToOOP", "17_IntroToOOP\17_IntroToOOP.vcxproj", "{042B7A76-27E0-4E00-9E6F-EC5DD6238DB9}"
EndProject
Project("{8BC9CEB8-8B4A-11D0-8D11-00A0C91BC942}") = "18_ConstructorsDestructor", "18_ConstructorsDestructor\18_ConstructorsDestructor.vcxproj", "{500C6570-B043-4639-BF09-4046635173A3}"
EndProject
Project("{8BC9CEB8-8B4A-11D0-8D11-00A0C91BC942}") = "19_CopyConstructor", "19_CopyConstructor\19_CopyConstructor.vcxproj", "{41FEE0E8-D1F5-4BD7-983C-7B8134B41C9B}"
EndProject
Project("{8BC9CEB8-8B4A-11D0-8D11-00A0C91BC942}") = "20_DelegationConstructorStaticMethods", "20_DelegationConstructorStaticMethods\20_DelegationConstructorStaticMethods.vcxproj", "{893ACC1A-CED2-40AB-B5FC-255A126F32BC}"
EndProject
Project("{8BC9CEB8-8B4A-11D0-8D11-00A0C91BC942}") = "21_ConstMethod", "21_ConstMethod\21_ConstMethod.vcxproj", "{3AE9155C-A241-4E6B-A86F-3604BD771AA3}"
EndProject
Project("{8BC9CEB8-8B4A-11D0-8D11-00A0C91BC942}") = "22_ExplicitConstructor", "22_ExplicitConstructor\22_ExplicitConstructor.vcxproj", "{24F2F122-B78E-4BE7-BE88-C0B0FB338BCB}"
EndProject
Project("{8BC9CEB8-8B4A-11D0-8D11-00A0C91BC942}") = "23_OverloadOperator", "23_OverloadOperator\23_OverloadOperator.vcxproj", "{B85FADF7-FB31-423D-B967-D744DD0C9EDC}"
EndProject
Project("{8BC9CEB8-8B4A-11D0-8D11-00A0C91BC942}") = "24_OverloadTypes", "24_OverloadTypes\24_OverloadTypes.vcxproj", "{67735038-2960-409E-B08B-9D7E3FC45D09}"
EndProject
Project("{8BC9CEB8-8B4A-11D0-8D11-00A0C91BC942}") = "25_Train", "25_Train\25_Train.vcxproj", "{48F88327-9CA0-464F-A287-FD38B94D491B}"
EndProject
Project("{8BC9CEB8-8B4A-11D0-8D11-00A0C91BC942}") = "26_Library", "26_Library\26_Library.vcxproj", "{74FAF587-C920-4024-89BA-9B649743B718}"
EndProject
Project("{8BC9CEB8-8B4A-11D0-8D11-00A0C91BC942}") = "27_TemplateClass", "27_TemplateClass\27_TemplateClass.vcxproj", "{FDA8631A-CDF2-4149-A78C-4D70828684F4}"
EndProject
Project("{8BC9CEB8-8B4A-11D0-8D11-00A0C91BC942}") = "28_InitializerList", "28_InitializerList\28_InitializerList.vcxproj", "{98069F88-144B-4826-B747-CABCD2D0859F}"
EndProject
Project("{8BC9CEB8-8B4A-11D0-8D11-00A0C91BC942}") = "29_Stack", "29_Stack\29_Stack.vcxproj", "{C089F555-3559-40CA-91EB-A854BAB33EF7}"
EndProject
Project("{8BC9CEB8-8B4A-11D0-8D11-00A0C91BC942}") = "30_Queue", "30_Queue\30_Queue.vcxproj", "{E95A3459-BC72-461D-85F7-0F84A2CFC0E9}"
EndProject
Project("{8BC9CEB8-8B4A-11D0-8D11-00A0C91BC942}") = "31_QueueWithPriority", "31_QueueWithPriority\31_QueueWithPriority.vcxproj", "{F988CBF1-01BC-45C6-B95B-2D074EACF6C2}"
EndProject
Project("{8BC9CEB8-8B4A-11D0-8D11-00A0C91BC942}") = "32_SingleLinkedList", "32_SingleLinkedList\32_SingleLinkedList.vcxproj", "{0F8C09A9-7AF1-414D-B4C4-1611FDB741F9}"
EndProject
Project("{8BC9CEB8-8B4A-11D0-8D11-00A0C91BC942}") = "33_DoubleLinkedList", "33_DoubleLinkedList\33_DoubleLinkedList.vcxproj", "{D90FC5AD-DB85-4073-B81B-C6471870A1D0}"
EndProject
Project("{8BC9CEB8-8B4A-11D0-8D11-00A0C91BC942}") = "34_Inheritance", "34_Inheritance\34_Inheritance.vcxproj", "{3697C294-A074-4CDC-95AE-3E96CC19D7B1}"
EndProject
Project("{8BC9CEB8-8B4A-11D0-8D11-00A0C91BC942}") = "35_InheritancePolimorphism", "35_InheritancePolimorphism\35_InheritancePolimorphism.vcxproj", "{24A12135-7E3E-476B-A8D5-E0152283DE9E}"
EndProject
Project("{8BC9CEB8-8B4A-11D0-8D11-00A0C91BC942}") = "36_AbstractClass", "36_AbstractClass\36_AbstractClass.vcxproj", "{57D7549E-A834-44F1-A5A9-247B75DDE41B}"
EndProject
Project("{8BC9CEB8-8B4A-11D0-8D11-00A0C91BC942}") = "37_MultiInheritance", "37_MultiInheritance\37_MultiInheritance.vcxproj", "{391EBBEC-5AB2-48FF-B85B-425E029EAFA6}"
EndProject
Project("{8BC9CEB8-8B4A-11D0-8D11-00A0C91BC942}") = "38_VirtualDestructor", "38_VirtualDestructor\38_VirtualDestructor.vcxproj", "{0C7A7D08-2325-4D79-9A64-C9BB195F1001}"
EndProject
Project("{8BC9CEB8-8B4A-11D0-8D11-00A0C91BC942}") = "39_PureVirtualDestructor", "39_PureVirtualDestructor\39_PureVirtualDestructor.vcxproj", "{9C0AB458-0B5B-4390-8D2B-59C6532B68BD}"
EndProject
Project("{8BC9CEB8-8B4A-11D0-8D11-00A0C91BC942}") = "40_AgregationComposition", "40_AgregationComposition\40_AgregationComposition.vcxproj", "{50AC0EAA-4892-4291-A67F-E23594CB2C78}"
EndProject
Project("{8BC9CEB8-8B4A-11D0-8D11-00A0C91BC942}") = "41_Exceptions", "41_Exceptions\41_Exceptions.vcxproj", "{0514C33D-B6C1-4C93-8807-C0897B1CB3EF}"
EndProject
Project("{8BC9CEB8-8B4A-11D0-8D11-00A0C91BC942}") = "42_StandartExceptions", "42_StandartExceptions\42_StandartExceptions.vcxproj", "{B67CC09C-9FA0-4E1D-A299-B7DE35B6B479}"
EndProject
Project("{8BC9CEB8-8B4A-11D0-8D11-00A0C91BC942}") = "43_WorkWithFile", "43_WorkWithFile\43_WorkWithFile.vcxproj", "{97A944C6-6A1E-4214-AA61-31344F9BA240}"
EndProject
Project("{8BC9CEB8-8B4A-11D0-8D11-00A0C91BC942}") = "45_Zoo", "45_Zoo\45_Zoo.vcxproj", "{432A257C-A386-40E9-9478-C27978B52924}"
EndProject
Global
	GlobalSection(SolutionConfigurationPlatforms) = preSolution
		Debug|x64 = Debug|x64
		Debug|x86 = Debug|x86
		Release|x64 = Release|x64
		Release|x86 = Release|x86
	EndGlobalSection
	GlobalSection(ProjectConfigurationPlatforms) = postSolution
		{9CD02809-5EB9-45CE-9B85-62A2491D733A}.Debug|x64.ActiveCfg = Debug|x64
		{9CD02809-5EB9-45CE-9B85-62A2491D733A}.Debug|x64.Build.0 = Debug|x64
		{9CD02809-5EB9-45CE-9B85-62A2491D733A}.Debug|x86.ActiveCfg = Debug|Win32
		{9CD02809-5EB9-45CE-9B85-62A2491D733A}.Debug|x86.Build.0 = Debug|Win32
		{9CD02809-5EB9-45CE-9B85-62A2491D733A}.Release|x64.ActiveCfg = Release|x64
		{9CD02809-5EB9-45CE-9B85-62A2491D733A}.Release|x64.Build.0 = Release|x64
		{9CD02809-5EB9-45CE-9B85-62A2491D733A}.Release|x86.ActiveCfg = Release|Win32
		{9CD02809-5EB9-45CE-9B85-62A2491D733A}.Release|x86.Build.0 = Release|Win32
		{909B59D9-789E-4511-B368-860208247608}.Debug|x64.ActiveCfg = Debug|x64
		{909B59D9-789E-4511-B368-860208247608}.Debug|x64.Build.0 = Debug|x64
		{909B59D9-789E-4511-B368-860208247608}.Debug|x86.ActiveCfg = Debug|Win32
		{909B59D9-789E-4511-B368-860208247608}.Debug|x86.Build.0 = Debug|Win32
		{909B59D9-789E-4511-B368-860208247608}.Release|x64.ActiveCfg = Release|x64
		{909B59D9-789E-4511-B368-860208247608}.Release|x64.Build.0 = Release|x64
		{909B59D9-789E-4511-B368-860208247608}.Release|x86.ActiveCfg = Release|Win32
		{909B59D9-789E-4511-B368-860208247608}.Release|x86.Build.0 = Release|Win32
		{E952490F-C860-4D23-9738-487DD7DC1A5E}.Debug|x64.ActiveCfg = Debug|x64
		{E952490F-C860-4D23-9738-487DD7DC1A5E}.Debug|x64.Build.0 = Debug|x64
		{E952490F-C860-4D23-9738-487DD7DC1A5E}.Debug|x86.ActiveCfg = Debug|Win32
		{E952490F-C860-4D23-9738-487DD7DC1A5E}.Debug|x86.Build.0 = Debug|Win32
		{E952490F-C860-4D23-9738-487DD7DC1A5E}.Release|x64.ActiveCfg = Release|x64
		{E952490F-C860-4D23-9738-487DD7DC1A5E}.Release|x64.Build.0 = Release|x64
		{E952490F-C860-4D23-9738-487DD7DC1A5E}.Release|x86.ActiveCfg = Release|Win32
		{E952490F-C860-4D23-9738-487DD7DC1A5E}.Release|x86.Build.0 = Release|Win32
		{A51B91AA-A76C-411B-9692-986DA2471E45}.Debug|x64.ActiveCfg = Debug|x64
		{A51B91AA-A76C-411B-9692-986DA2471E45}.Debug|x64.Build.0 = Debug|x64
		{A51B91AA-A76C-411B-9692-986DA2471E45}.Debug|x86.ActiveCfg = Debug|Win32
		{A51B91AA-A76C-411B-9692-986DA2471E45}.Debug|x86.Build.0 = Debug|Win32
		{A51B91AA-A76C-411B-9692-986DA2471E45}.Release|x64.ActiveCfg = Release|x64
		{A51B91AA-A76C-411B-9692-986DA2471E45}.Release|x64.Build.0 = Release|x64
		{A51B91AA-A76C-411B-9692-986DA2471E45}.Release|x86.ActiveCfg = Release|Win32
		{A51B91AA-A76C-411B-9692-986DA2471E45}.Release|x86.Build.0 = Release|Win32
		{E17D6DC9-C7D5-4F6B-A9A6-EE05CCA63298}.Debug|x64.ActiveCfg = Debug|x64
		{E17D6DC9-C7D5-4F6B-A9A6-EE05CCA63298}.Debug|x64.Build.0 = Debug|x64
		{E17D6DC9-C7D5-4F6B-A9A6-EE05CCA63298}.Debug|x86.ActiveCfg = Debug|Win32
		{E17D6DC9-C7D5-4F6B-A9A6-EE05CCA63298}.Debug|x86.Build.0 = Debug|Win32
		{E17D6DC9-C7D5-4F6B-A9A6-EE05CCA63298}.Release|x64.ActiveCfg = Release|x64
		{E17D6DC9-C7D5-4F6B-A9A6-EE05CCA63298}.Release|x64.Build.0 = Release|x64
		{E17D6DC9-C7D5-4F6B-A9A6-EE05CCA63298}.Release|x86.ActiveCfg = Release|Win32
		{E17D6DC9-C7D5-4F6B-A9A6-EE05CCA63298}.Release|x86.Build.0 = Release|Win32
		{7C439D9F-6DB3-48A6-B682-D018ADD2DF04}.Debug|x64.ActiveCfg = Debug|x64
		{7C439D9F-6DB3-48A6-B682-D018ADD2DF04}.Debug|x64.Build.0 = Debug|x64
		{7C439D9F-6DB3-48A6-B682-D018ADD2DF04}.Debug|x86.ActiveCfg = Debug|Win32
		{7C439D9F-6DB3-48A6-B682-D018ADD2DF04}.Debug|x86.Build.0 = Debug|Win32
		{7C439D9F-6DB3-48A6-B682-D018ADD2DF04}.Release|x64.ActiveCfg = Release|x64
		{7C439D9F-6DB3-48A6-B682-D018ADD2DF04}.Release|x64.Build.0 = Release|x64
		{7C439D9F-6DB3-48A6-B682-D018ADD2DF04}.Release|x86.ActiveCfg = Release|Win32
		{7C439D9F-6DB3-48A6-B682-D018ADD2DF04}.Release|x86.Build.0 = Release|Win32
		{D985F633-11CE-4CFD-8EF9-9C82A4C12D81}.Debug|x64.ActiveCfg = Debug|x64
		{D985F633-11CE-4CFD-8EF9-9C82A4C12D81}.Debug|x64.Build.0 = Debug|x64
		{D985F633-11CE-4CFD-8EF9-9C82A4C12D81}.Debug|x86.ActiveCfg = Debug|Win32
		{D985F633-11CE-4CFD-8EF9-9C82A4C12D81}.Debug|x86.Build.0 = Debug|Win32
		{D985F633-11CE-4CFD-8EF9-9C82A4C12D81}.Release|x64.ActiveCfg = Release|x64
		{D985F633-11CE-4CFD-8EF9-9C82A4C12D81}.Release|x64.Build.0 = Release|x64
		{D985F633-11CE-4CFD-8EF9-9C82A4C12D81}.Release|x86.ActiveCfg = Release|Win32
		{D985F633-11CE-4CFD-8EF9-9C82A4C12D81}.Release|x86.Build.0 = Release|Win32
		{2E0F48C0-212A-4D8E-9CFA-350749D87F74}.Debug|x64.ActiveCfg = Debug|x64
		{2E0F48C0-212A-4D8E-9CFA-350749D87F74}.Debug|x64.Build.0 = Debug|x64
		{2E0F48C0-212A-4D8E-9CFA-350749D87F74}.Debug|x86.ActiveCfg = Debug|Win32
		{2E0F48C0-212A-4D8E-9CFA-350749D87F74}.Debug|x86.Build.0 = Debug|Win32
		{2E0F48C0-212A-4D8E-9CFA-350749D87F74}.Release|x64.ActiveCfg = Release|x64
		{2E0F48C0-212A-4D8E-9CFA-350749D87F74}.Release|x64.Build.0 = Release|x64
		{2E0F48C0-212A-4D8E-9CFA-350749D87F74}.Release|x86.ActiveCfg = Release|Win32
		{2E0F48C0-212A-4D8E-9CFA-350749D87F74}.Release|x86.Build.0 = Release|Win32
		{9F9F2F23-D6A6-4AE3-86A6-897398AC212C}.Debug|x64.ActiveCfg = Debug|x64
		{9F9F2F23-D6A6-4AE3-86A6-897398AC212C}.Debug|x64.Build.0 = Debug|x64
		{9F9F2F23-D6A6-4AE3-86A6-897398AC212C}.Debug|x86.ActiveCfg = Debug|Win32
		{9F9F2F23-D6A6-4AE3-86A6-897398AC212C}.Debug|x86.Build.0 = Debug|Win32
		{9F9F2F23-D6A6-4AE3-86A6-897398AC212C}.Release|x64.ActiveCfg = Release|x64
		{9F9F2F23-D6A6-4AE3-86A6-897398AC212C}.Release|x64.Build.0 = Release|x64
		{9F9F2F23-D6A6-4AE3-86A6-897398AC212C}.Release|x86.ActiveCfg = Release|Win32
		{9F9F2F23-D6A6-4AE3-86A6-897398AC212C}.Release|x86.Build.0 = Release|Win32
		{23B6D079-55A2-42EC-9380-9F97A8CA8505}.Debug|x64.ActiveCfg = Debug|x64
		{23B6D079-55A2-42EC-9380-9F97A8CA8505}.Debug|x64.Build.0 = Debug|x64
		{23B6D079-55A2-42EC-9380-9F97A8CA8505}.Debug|x86.ActiveCfg = Debug|Win32
		{23B6D079-55A2-42EC-9380-9F97A8CA8505}.Debug|x86.Build.0 = Debug|Win32
		{23B6D079-55A2-42EC-9380-9F97A8CA8505}.Release|x64.ActiveCfg = Release|x64
		{23B6D079-55A2-42EC-9380-9F97A8CA8505}.Release|x64.Build.0 = Release|x64
		{23B6D079-55A2-42EC-9380-9F97A8CA8505}.Release|x86.ActiveCfg = Release|Win32
		{23B6D079-55A2-42EC-9380-9F97A8CA8505}.Release|x86.Build.0 = Release|Win32
		{65DA7285-76AF-4967-88EC-E4407E4F7266}.Debug|x64.ActiveCfg = Debug|x64
		{65DA7285-76AF-4967-88EC-E4407E4F7266}.Debug|x64.Build.0 = Debug|x64
		{65DA7285-76AF-4967-88EC-E4407E4F7266}.Debug|x86.ActiveCfg = Debug|Win32
		{65DA7285-76AF-4967-88EC-E4407E4F7266}.Debug|x86.Build.0 = Debug|Win32
		{65DA7285-76AF-4967-88EC-E4407E4F7266}.Release|x64.ActiveCfg = Release|x64
		{65DA7285-76AF-4967-88EC-E4407E4F7266}.Release|x64.Build.0 = Release|x64
		{65DA7285-76AF-4967-88EC-E4407E4F7266}.Release|x86.ActiveCfg = Release|Win32
		{65DA7285-76AF-4967-88EC-E4407E4F7266}.Release|x86.Build.0 = Release|Win32
		{AB89154D-BB19-4D48-B419-1E46FD75A577}.Debug|x64.ActiveCfg = Debug|x64
		{AB89154D-BB19-4D48-B419-1E46FD75A577}.Debug|x64.Build.0 = Debug|x64
		{AB89154D-BB19-4D48-B419-1E46FD75A577}.Debug|x86.ActiveCfg = Debug|Win32
		{AB89154D-BB19-4D48-B419-1E46FD75A577}.Debug|x86.Build.0 = Debug|Win32
		{AB89154D-BB19-4D48-B419-1E46FD75A577}.Release|x64.ActiveCfg = Release|x64
		{AB89154D-BB19-4D48-B419-1E46FD75A577}.Release|x64.Build.0 = Release|x64
		{AB89154D-BB19-4D48-B419-1E46FD75A577}.Release|x86.ActiveCfg = Release|Win32
		{AB89154D-BB19-4D48-B419-1E46FD75A577}.Release|x86.Build.0 = Release|Win32
		{8031E63F-D105-45A3-9474-BC4C3142FE28}.Debug|x64.ActiveCfg = Debug|x64
		{8031E63F-D105-45A3-9474-BC4C3142FE28}.Debug|x64.Build.0 = Debug|x64
		{8031E63F-D105-45A3-9474-BC4C3142FE28}.Debug|x86.ActiveCfg = Debug|Win32
		{8031E63F-D105-45A3-9474-BC4C3142FE28}.Debug|x86.Build.0 = Debug|Win32
		{8031E63F-D105-45A3-9474-BC4C3142FE28}.Release|x64.ActiveCfg = Release|x64
		{8031E63F-D105-45A3-9474-BC4C3142FE28}.Release|x64.Build.0 = Release|x64
		{8031E63F-D105-45A3-9474-BC4C3142FE28}.Release|x86.ActiveCfg = Release|Win32
		{8031E63F-D105-45A3-9474-BC4C3142FE28}.Release|x86.Build.0 = Release|Win32
		{EBDE6BE4-A598-488A-864F-5521DA0E666D}.Debug|x64.ActiveCfg = Debug|x64
		{EBDE6BE4-A598-488A-864F-5521DA0E666D}.Debug|x64.Build.0 = Debug|x64
		{EBDE6BE4-A598-488A-864F-5521DA0E666D}.Debug|x86.ActiveCfg = Debug|Win32
		{EBDE6BE4-A598-488A-864F-5521DA0E666D}.Debug|x86.Build.0 = Debug|Win32
		{EBDE6BE4-A598-488A-864F-5521DA0E666D}.Release|x64.ActiveCfg = Release|x64
		{EBDE6BE4-A598-488A-864F-5521DA0E666D}.Release|x64.Build.0 = Release|x64
		{EBDE6BE4-A598-488A-864F-5521DA0E666D}.Release|x86.ActiveCfg = Release|Win32
		{EBDE6BE4-A598-488A-864F-5521DA0E666D}.Release|x86.Build.0 = Release|Win32
		{1FA6EA54-CD00-48AC-8B45-4514ABA47AEF}.Debug|x64.ActiveCfg = Debug|x64
		{1FA6EA54-CD00-48AC-8B45-4514ABA47AEF}.Debug|x64.Build.0 = Debug|x64
		{1FA6EA54-CD00-48AC-8B45-4514ABA47AEF}.Debug|x86.ActiveCfg = Debug|Win32
		{1FA6EA54-CD00-48AC-8B45-4514ABA47AEF}.Debug|x86.Build.0 = Debug|Win32
		{1FA6EA54-CD00-48AC-8B45-4514ABA47AEF}.Release|x64.ActiveCfg = Release|x64
		{1FA6EA54-CD00-48AC-8B45-4514ABA47AEF}.Release|x64.Build.0 = Release|x64
		{1FA6EA54-CD00-48AC-8B45-4514ABA47AEF}.Release|x86.ActiveCfg = Release|Win32
		{1FA6EA54-CD00-48AC-8B45-4514ABA47AEF}.Release|x86.Build.0 = Release|Win32
		{B05BE55D-B3F9-4A1B-A98B-CF39081A4FA7}.Debug|x64.ActiveCfg = Debug|x64
		{B05BE55D-B3F9-4A1B-A98B-CF39081A4FA7}.Debug|x64.Build.0 = Debug|x64
		{B05BE55D-B3F9-4A1B-A98B-CF39081A4FA7}.Debug|x86.ActiveCfg = Debug|Win32
		{B05BE55D-B3F9-4A1B-A98B-CF39081A4FA7}.Debug|x86.Build.0 = Debug|Win32
		{B05BE55D-B3F9-4A1B-A98B-CF39081A4FA7}.Release|x64.ActiveCfg = Release|x64
		{B05BE55D-B3F9-4A1B-A98B-CF39081A4FA7}.Release|x64.Build.0 = Release|x64
		{B05BE55D-B3F9-4A1B-A98B-CF39081A4FA7}.Release|x86.ActiveCfg = Release|Win32
		{B05BE55D-B3F9-4A1B-A98B-CF39081A4FA7}.Release|x86.Build.0 = Release|Win32
		{042B7A76-27E0-4E00-9E6F-EC5DD6238DB9}.Debug|x64.ActiveCfg = Debug|x64
		{042B7A76-27E0-4E00-9E6F-EC5DD6238DB9}.Debug|x64.Build.0 = Debug|x64
		{042B7A76-27E0-4E00-9E6F-EC5DD6238DB9}.Debug|x86.ActiveCfg = Debug|Win32
		{042B7A76-27E0-4E00-9E6F-EC5DD6238DB9}.Debug|x86.Build.0 = Debug|Win32
		{042B7A76-27E0-4E00-9E6F-EC5DD6238DB9}.Release|x64.ActiveCfg = Release|x64
		{042B7A76-27E0-4E00-9E6F-EC5DD6238DB9}.Release|x64.Build.0 = Release|x64
		{042B7A76-27E0-4E00-9E6F-EC5DD6238DB9}.Release|x86.ActiveCfg = Release|Win32
		{042B7A76-27E0-4E00-9E6F-EC5DD6238DB9}.Release|x86.Build.0 = Release|Win32
		{500C6570-B043-4639-BF09-4046635173A3}.Debug|x64.ActiveCfg = Debug|x64
		{500C6570-B043-4639-BF09-4046635173A3}.Debug|x64.Build.0 = Debug|x64
		{500C6570-B043-4639-BF09-4046635173A3}.Debug|x86.ActiveCfg = Debug|Win32
		{500C6570-B043-4639-BF09-4046635173A3}.Debug|x86.Build.0 = Debug|Win32
		{500C6570-B043-4639-BF09-4046635173A3}.Release|x64.ActiveCfg = Release|x64
		{500C6570-B043-4639-BF09-4046635173A3}.Release|x64.Build.0 = Release|x64
		{500C6570-B043-4639-BF09-4046635173A3}.Release|x86.ActiveCfg = Release|Win32
		{500C6570-B043-4639-BF09-4046635173A3}.Release|x86.Build.0 = Release|Win32
		{41FEE0E8-D1F5-4BD7-983C-7B8134B41C9B}.Debug|x64.ActiveCfg = Debug|x64
		{41FEE0E8-D1F5-4BD7-983C-7B8134B41C9B}.Debug|x64.Build.0 = Debug|x64
		{41FEE0E8-D1F5-4BD7-983C-7B8134B41C9B}.Debug|x86.ActiveCfg = Debug|Win32
		{41FEE0E8-D1F5-4BD7-983C-7B8134B41C9B}.Debug|x86.Build.0 = Debug|Win32
		{41FEE0E8-D1F5-4BD7-983C-7B8134B41C9B}.Release|x64.ActiveCfg = Release|x64
		{41FEE0E8-D1F5-4BD7-983C-7B8134B41C9B}.Release|x64.Build.0 = Release|x64
		{41FEE0E8-D1F5-4BD7-983C-7B8134B41C9B}.Release|x86.ActiveCfg = Release|Win32
		{41FEE0E8-D1F5-4BD7-983C-7B8134B41C9B}.Release|x86.Build.0 = Release|Win32
		{893ACC1A-CED2-40AB-B5FC-255A126F32BC}.Debug|x64.ActiveCfg = Debug|x64
		{893ACC1A-CED2-40AB-B5FC-255A126F32BC}.Debug|x64.Build.0 = Debug|x64
		{893ACC1A-CED2-40AB-B5FC-255A126F32BC}.Debug|x86.ActiveCfg = Debug|Win32
		{893ACC1A-CED2-40AB-B5FC-255A126F32BC}.Debug|x86.Build.0 = Debug|Win32
		{893ACC1A-CED2-40AB-B5FC-255A126F32BC}.Release|x64.ActiveCfg = Release|x64
		{893ACC1A-CED2-40AB-B5FC-255A126F32BC}.Release|x64.Build.0 = Release|x64
		{893ACC1A-CED2-40AB-B5FC-255A126F32BC}.Release|x86.ActiveCfg = Release|Win32
		{893ACC1A-CED2-40AB-B5FC-255A126F32BC}.Release|x86.Build.0 = Release|Win32
		{3AE9155C-A241-4E6B-A86F-3604BD771AA3}.Debug|x64.ActiveCfg = Debug|x64
		{3AE9155C-A241-4E6B-A86F-3604BD771AA3}.Debug|x64.Build.0 = Debug|x64
		{3AE9155C-A241-4E6B-A86F-3604BD771AA3}.Debug|x86.ActiveCfg = Debug|Win32
		{3AE9155C-A241-4E6B-A86F-3604BD771AA3}.Debug|x86.Build.0 = Debug|Win32
		{3AE9155C-A241-4E6B-A86F-3604BD771AA3}.Release|x64.ActiveCfg = Release|x64
		{3AE9155C-A241-4E6B-A86F-3604BD771AA3}.Release|x64.Build.0 = Release|x64
		{3AE9155C-A241-4E6B-A86F-3604BD771AA3}.Release|x86.ActiveCfg = Release|Win32
		{3AE9155C-A241-4E6B-A86F-3604BD771AA3}.Release|x86.Build.0 = Release|Win32
		{24F2F122-B78E-4BE7-BE88-C0B0FB338BCB}.Debug|x64.ActiveCfg = Debug|x64
		{24F2F122-B78E-4BE7-BE88-C0B0FB338BCB}.Debug|x64.Build.0 = Debug|x64
		{24F2F122-B78E-4BE7-BE88-C0B0FB338BCB}.Debug|x86.ActiveCfg = Debug|Win32
		{24F2F122-B78E-4BE7-BE88-C0B0FB338BCB}.Debug|x86.Build.0 = Debug|Win32
		{24F2F122-B78E-4BE7-BE88-C0B0FB338BCB}.Release|x64.ActiveCfg = Release|x64
		{24F2F122-B78E-4BE7-BE88-C0B0FB338BCB}.Release|x64.Build.0 = Release|x64
		{24F2F122-B78E-4BE7-BE88-C0B0FB338BCB}.Release|x86.ActiveCfg = Release|Win32
		{24F2F122-B78E-4BE7-BE88-C0B0FB338BCB}.Release|x86.Build.0 = Release|Win32
		{B85FADF7-FB31-423D-B967-D744DD0C9EDC}.Debug|x64.ActiveCfg = Debug|x64
		{B85FADF7-FB31-423D-B967-D744DD0C9EDC}.Debug|x64.Build.0 = Debug|x64
		{B85FADF7-FB31-423D-B967-D744DD0C9EDC}.Debug|x86.ActiveCfg = Debug|Win32
		{B85FADF7-FB31-423D-B967-D744DD0C9EDC}.Debug|x86.Build.0 = Debug|Win32
		{B85FADF7-FB31-423D-B967-D744DD0C9EDC}.Release|x64.ActiveCfg = Release|x64
		{B85FADF7-FB31-423D-B967-D744DD0C9EDC}.Release|x64.Build.0 = Release|x64
		{B85FADF7-FB31-423D-B967-D744DD0C9EDC}.Release|x86.ActiveCfg = Release|Win32
		{B85FADF7-FB31-423D-B967-D744DD0C9EDC}.Release|x86.Build.0 = Release|Win32
		{67735038-2960-409E-B08B-9D7E3FC45D09}.Debug|x64.ActiveCfg = Debug|x64
		{67735038-2960-409E-B08B-9D7E3FC45D09}.Debug|x64.Build.0 = Debug|x64
		{67735038-2960-409E-B08B-9D7E3FC45D09}.Debug|x86.ActiveCfg = Debug|Win32
		{67735038-2960-409E-B08B-9D7E3FC45D09}.Debug|x86.Build.0 = Debug|Win32
		{67735038-2960-409E-B08B-9D7E3FC45D09}.Release|x64.ActiveCfg = Release|x64
		{67735038-2960-409E-B08B-9D7E3FC45D09}.Release|x64.Build.0 = Release|x64
		{67735038-2960-409E-B08B-9D7E3FC45D09}.Release|x86.ActiveCfg = Release|Win32
		{67735038-2960-409E-B08B-9D7E3FC45D09}.Release|x86.Build.0 = Release|Win32
		{48F88327-9CA0-464F-A287-FD38B94D491B}.Debug|x64.ActiveCfg = Debug|x64
		{48F88327-9CA0-464F-A287-FD38B94D491B}.Debug|x64.Build.0 = Debug|x64
		{48F88327-9CA0-464F-A287-FD38B94D491B}.Debug|x86.ActiveCfg = Debug|Win32
		{48F88327-9CA0-464F-A287-FD38B94D491B}.Debug|x86.Build.0 = Debug|Win32
		{48F88327-9CA0-464F-A287-FD38B94D491B}.Release|x64.ActiveCfg = Release|x64
		{48F88327-9CA0-464F-A287-FD38B94D491B}.Release|x64.Build.0 = Release|x64
		{48F88327-9CA0-464F-A287-FD38B94D491B}.Release|x86.ActiveCfg = Release|Win32
		{48F88327-9CA0-464F-A287-FD38B94D491B}.Release|x86.Build.0 = Release|Win32
		{74FAF587-C920-4024-89BA-9B649743B718}.Debug|x64.ActiveCfg = Debug|x64
		{74FAF587-C920-4024-89BA-9B649743B718}.Debug|x64.Build.0 = Debug|x64
		{74FAF587-C920-4024-89BA-9B649743B718}.Debug|x86.ActiveCfg = Debug|Win32
		{74FAF587-C920-4024-89BA-9B649743B718}.Debug|x86.Build.0 = Debug|Win32
		{74FAF587-C920-4024-89BA-9B649743B718}.Release|x64.ActiveCfg = Release|x64
		{74FAF587-C920-4024-89BA-9B649743B718}.Release|x64.Build.0 = Release|x64
		{74FAF587-C920-4024-89BA-9B649743B718}.Release|x86.ActiveCfg = Release|Win32
		{74FAF587-C920-4024-89BA-9B649743B718}.Release|x86.Build.0 = Release|Win32
		{FDA8631A-CDF2-4149-A78C-4D70828684F4}.Debug|x64.ActiveCfg = Debug|x64
		{FDA8631A-CDF2-4149-A78C-4D70828684F4}.Debug|x64.Build.0 = Debug|x64
		{FDA8631A-CDF2-4149-A78C-4D70828684F4}.Debug|x86.ActiveCfg = Debug|Win32
		{FDA8631A-CDF2-4149-A78C-4D70828684F4}.Debug|x86.Build.0 = Debug|Win32
		{FDA8631A-CDF2-4149-A78C-4D70828684F4}.Release|x64.ActiveCfg = Release|x64
		{FDA8631A-CDF2-4149-A78C-4D70828684F4}.Release|x64.Build.0 = Release|x64
		{FDA8631A-CDF2-4149-A78C-4D70828684F4}.Release|x86.ActiveCfg = Release|Win32
		{FDA8631A-CDF2-4149-A78C-4D70828684F4}.Release|x86.Build.0 = Release|Win32
		{98069F88-144B-4826-B747-CABCD2D0859F}.Debug|x64.ActiveCfg = Debug|x64
		{98069F88-144B-4826-B747-CABCD2D0859F}.Debug|x64.Build.0 = Debug|x64
		{98069F88-144B-4826-B747-CABCD2D0859F}.Debug|x86.ActiveCfg = Debug|Win32
		{98069F88-144B-4826-B747-CABCD2D0859F}.Debug|x86.Build.0 = Debug|Win32
		{98069F88-144B-4826-B747-CABCD2D0859F}.Release|x64.ActiveCfg = Release|x64
		{98069F88-144B-4826-B747-CABCD2D0859F}.Release|x64.Build.0 = Release|x64
		{98069F88-144B-4826-B747-CABCD2D0859F}.Release|x86.ActiveCfg = Release|Win32
		{98069F88-144B-4826-B747-CABCD2D0859F}.Release|x86.Build.0 = Release|Win32
		{C089F555-3559-40CA-91EB-A854BAB33EF7}.Debug|x64.ActiveCfg = Debug|x64
		{C089F555-3559-40CA-91EB-A854BAB33EF7}.Debug|x64.Build.0 = Debug|x64
		{C089F555-3559-40CA-91EB-A854BAB33EF7}.Debug|x86.ActiveCfg = Debug|Win32
		{C089F555-3559-40CA-91EB-A854BAB33EF7}.Debug|x86.Build.0 = Debug|Win32
		{C089F555-3559-40CA-91EB-A854BAB33EF7}.Release|x64.ActiveCfg = Release|x64
		{C089F555-3559-40CA-91EB-A854BAB33EF7}.Release|x64.Build.0 = Release|x64
		{C089F555-3559-40CA-91EB-A854BAB33EF7}.Release|x86.ActiveCfg = Release|Win32
		{C089F555-3559-40CA-91EB-A854BAB33EF7}.Release|x86.Build.0 = Release|Win32
		{E95A3459-BC72-461D-85F7-0F84A2CFC0E9}.Debug|x64.ActiveCfg = Debug|x64
		{E95A3459-BC72-461D-85F7-0F84A2CFC0E9}.Debug|x64.Build.0 = Debug|x64
		{E95A3459-BC72-461D-85F7-0F84A2CFC0E9}.Debug|x86.ActiveCfg = Debug|Win32
		{E95A3459-BC72-461D-85F7-0F84A2CFC0E9}.Debug|x86.Build.0 = Debug|Win32
		{E95A3459-BC72-461D-85F7-0F84A2CFC0E9}.Release|x64.ActiveCfg = Release|x64
		{E95A3459-BC72-461D-85F7-0F84A2CFC0E9}.Release|x64.Build.0 = Release|x64
		{E95A3459-BC72-461D-85F7-0F84A2CFC0E9}.Release|x86.ActiveCfg = Release|Win32
		{E95A3459-BC72-461D-85F7-0F84A2CFC0E9}.Release|x86.Build.0 = Release|Win32
		{F988CBF1-01BC-45C6-B95B-2D074EACF6C2}.Debug|x64.ActiveCfg = Debug|x64
		{F988CBF1-01BC-45C6-B95B-2D074EACF6C2}.Debug|x64.Build.0 = Debug|x64
		{F988CBF1-01BC-45C6-B95B-2D074EACF6C2}.Debug|x86.ActiveCfg = Debug|Win32
		{F988CBF1-01BC-45C6-B95B-2D074EACF6C2}.Debug|x86.Build.0 = Debug|Win32
		{F988CBF1-01BC-45C6-B95B-2D074EACF6C2}.Release|x64.ActiveCfg = Release|x64
		{F988CBF1-01BC-45C6-B95B-2D074EACF6C2}.Release|x64.Build.0 = Release|x64
		{F988CBF1-01BC-45C6-B95B-2D074EACF6C2}.Release|x86.ActiveCfg = Release|Win32
		{F988CBF1-01BC-45C6-B95B-2D074EACF6C2}.Release|x86.Build.0 = Release|Win32
		{0F8C09A9-7AF1-414D-B4C4-1611FDB741F9}.Debug|x64.ActiveCfg = Debug|x64
		{0F8C09A9-7AF1-414D-B4C4-1611FDB741F9}.Debug|x64.Build.0 = Debug|x64
		{0F8C09A9-7AF1-414D-B4C4-1611FDB741F9}.Debug|x86.ActiveCfg = Debug|Win32
		{0F8C09A9-7AF1-414D-B4C4-1611FDB741F9}.Debug|x86.Build.0 = Debug|Win32
		{0F8C09A9-7AF1-414D-B4C4-1611FDB741F9}.Release|x64.ActiveCfg = Release|x64
		{0F8C09A9-7AF1-414D-B4C4-1611FDB741F9}.Release|x64.Build.0 = Release|x64
		{0F8C09A9-7AF1-414D-B4C4-1611FDB741F9}.Release|x86.ActiveCfg = Release|Win32
		{0F8C09A9-7AF1-414D-B4C4-1611FDB741F9}.Release|x86.Build.0 = Release|Win32
		{D90FC5AD-DB85-4073-B81B-C6471870A1D0}.Debug|x64.ActiveCfg = Debug|x64
		{D90FC5AD-DB85-4073-B81B-C6471870A1D0}.Debug|x64.Build.0 = Debug|x64
		{D90FC5AD-DB85-4073-B81B-C6471870A1D0}.Debug|x86.ActiveCfg = Debug|Win32
		{D90FC5AD-DB85-4073-B81B-C6471870A1D0}.Debug|x86.Build.0 = Debug|Win32
		{D90FC5AD-DB85-4073-B81B-C6471870A1D0}.Release|x64.ActiveCfg = Release|x64
		{D90FC5AD-DB85-4073-B81B-C6471870A1D0}.Release|x64.Build.0 = Release|x64
		{D90FC5AD-DB85-4073-B81B-C6471870A1D0}.Release|x86.ActiveCfg = Release|Win32
		{D90FC5AD-DB85-4073-B81B-C6471870A1D0}.Release|x86.Build.0 = Release|Win32
		{3697C294-A074-4CDC-95AE-3E96CC19D7B1}.Debug|x64.ActiveCfg = Debug|x64
		{3697C294-A074-4CDC-95AE-3E96CC19D7B1}.Debug|x64.Build.0 = Debug|x64
		{3697C294-A074-4CDC-95AE-3E96CC19D7B1}.Debug|x86.ActiveCfg = Debug|Win32
		{3697C294-A074-4CDC-95AE-3E96CC19D7B1}.Debug|x86.Build.0 = Debug|Win32
		{3697C294-A074-4CDC-95AE-3E96CC19D7B1}.Release|x64.ActiveCfg = Release|x64
		{3697C294-A074-4CDC-95AE-3E96CC19D7B1}.Release|x64.Build.0 = Release|x64
		{3697C294-A074-4CDC-95AE-3E96CC19D7B1}.Release|x86.ActiveCfg = Release|Win32
		{3697C294-A074-4CDC-95AE-3E96CC19D7B1}.Release|x86.Build.0 = Release|Win32
		{24A12135-7E3E-476B-A8D5-E0152283DE9E}.Debug|x64.ActiveCfg = Debug|x64
		{24A12135-7E3E-476B-A8D5-E0152283DE9E}.Debug|x64.Build.0 = Debug|x64
		{24A12135-7E3E-476B-A8D5-E0152283DE9E}.Debug|x86.ActiveCfg = Debug|Win32
		{24A12135-7E3E-476B-A8D5-E0152283DE9E}.Debug|x86.Build.0 = Debug|Win32
		{24A12135-7E3E-476B-A8D5-E0152283DE9E}.Release|x64.ActiveCfg = Release|x64
		{24A12135-7E3E-476B-A8D5-E0152283DE9E}.Release|x64.Build.0 = Release|x64
		{24A12135-7E3E-476B-A8D5-E0152283DE9E}.Release|x86.ActiveCfg = Release|Win32
		{24A12135-7E3E-476B-A8D5-E0152283DE9E}.Release|x86.Build.0 = Release|Win32
		{57D7549E-A834-44F1-A5A9-247B75DDE41B}.Debug|x64.ActiveCfg = Debug|x64
		{57D7549E-A834-44F1-A5A9-247B75DDE41B}.Debug|x64.Build.0 = Debug|x64
		{57D7549E-A834-44F1-A5A9-247B75DDE41B}.Debug|x86.ActiveCfg = Debug|Win32
		{57D7549E-A834-44F1-A5A9-247B75DDE41B}.Debug|x86.Build.0 = Debug|Win32
		{57D7549E-A834-44F1-A5A9-247B75DDE41B}.Release|x64.ActiveCfg = Release|x64
		{57D7549E-A834-44F1-A5A9-247B75DDE41B}.Release|x64.Build.0 = Release|x64
		{57D7549E-A834-44F1-A5A9-247B75DDE41B}.Release|x86.ActiveCfg = Release|Win32
		{57D7549E-A834-44F1-A5A9-247B75DDE41B}.Release|x86.Build.0 = Release|Win32
		{391EBBEC-5AB2-48FF-B85B-425E029EAFA6}.Debug|x64.ActiveCfg = Debug|x64
		{391EBBEC-5AB2-48FF-B85B-425E029EAFA6}.Debug|x64.Build.0 = Debug|x64
		{391EBBEC-5AB2-48FF-B85B-425E029EAFA6}.Debug|x86.ActiveCfg = Debug|Win32
		{391EBBEC-5AB2-48FF-B85B-425E029EAFA6}.Debug|x86.Build.0 = Debug|Win32
		{391EBBEC-5AB2-48FF-B85B-425E029EAFA6}.Release|x64.ActiveCfg = Release|x64
		{391EBBEC-5AB2-48FF-B85B-425E029EAFA6}.Release|x64.Build.0 = Release|x64
		{391EBBEC-5AB2-48FF-B85B-425E029EAFA6}.Release|x86.ActiveCfg = Release|Win32
		{391EBBEC-5AB2-48FF-B85B-425E029EAFA6}.Release|x86.Build.0 = Release|Win32
		{0C7A7D08-2325-4D79-9A64-C9BB195F1001}.Debug|x64.ActiveCfg = Debug|x64
		{0C7A7D08-2325-4D79-9A64-C9BB195F1001}.Debug|x64.Build.0 = Debug|x64
		{0C7A7D08-2325-4D79-9A64-C9BB195F1001}.Debug|x86.ActiveCfg = Debug|Win32
		{0C7A7D08-2325-4D79-9A64-C9BB195F1001}.Debug|x86.Build.0 = Debug|Win32
		{0C7A7D08-2325-4D79-9A64-C9BB195F1001}.Release|x64.ActiveCfg = Release|x64
		{0C7A7D08-2325-4D79-9A64-C9BB195F1001}.Release|x64.Build.0 = Release|x64
		{0C7A7D08-2325-4D79-9A64-C9BB195F1001}.Release|x86.ActiveCfg = Release|Win32
		{0C7A7D08-2325-4D79-9A64-C9BB195F1001}.Release|x86.Build.0 = Release|Win32
		{9C0AB458-0B5B-4390-8D2B-59C6532B68BD}.Debug|x64.ActiveCfg = Debug|x64
		{9C0AB458-0B5B-4390-8D2B-59C6532B68BD}.Debug|x64.Build.0 = Debug|x64
		{9C0AB458-0B5B-4390-8D2B-59C6532B68BD}.Debug|x86.ActiveCfg = Debug|Win32
		{9C0AB458-0B5B-4390-8D2B-59C6532B68BD}.Debug|x86.Build.0 = Debug|Win32
		{9C0AB458-0B5B-4390-8D2B-59C6532B68BD}.Release|x64.ActiveCfg = Release|x64
		{9C0AB458-0B5B-4390-8D2B-59C6532B68BD}.Release|x64.Build.0 = Release|x64
		{9C0AB458-0B5B-4390-8D2B-59C6532B68BD}.Release|x86.ActiveCfg = Release|Win32
		{9C0AB458-0B5B-4390-8D2B-59C6532B68BD}.Release|x86.Build.0 = Release|Win32
		{50AC0EAA-4892-4291-A67F-E23594CB2C78}.Debug|x64.ActiveCfg = Debug|x64
		{50AC0EAA-4892-4291-A67F-E23594CB2C78}.Debug|x64.Build.0 = Debug|x64
		{50AC0EAA-4892-4291-A67F-E23594CB2C78}.Debug|x86.ActiveCfg = Debug|Win32
		{50AC0EAA-4892-4291-A67F-E23594CB2C78}.Debug|x86.Build.0 = Debug|Win32
		{50AC0EAA-4892-4291-A67F-E23594CB2C78}.Release|x64.ActiveCfg = Release|x64
		{50AC0EAA-4892-4291-A67F-E23594CB2C78}.Release|x64.Build.0 = Release|x64
		{50AC0EAA-4892-4291-A67F-E23594CB2C78}.Release|x86.ActiveCfg = Release|Win32
		{50AC0EAA-4892-4291-A67F-E23594CB2C78}.Release|x86.Build.0 = Release|Win32
		{0514C33D-B6C1-4C93-8807-C0897B1CB3EF}.Debug|x64.ActiveCfg = Debug|x64
		{0514C33D-B6C1-4C93-8807-C0897B1CB3EF}.Debug|x64.Build.0 = Debug|x64
		{0514C33D-B6C1-4C93-8807-C0897B1CB3EF}.Debug|x86.ActiveCfg = Debug|Win32
		{0514C33D-B6C1-4C93-8807-C0897B1CB3EF}.Debug|x86.Build.0 = Debug|Win32
		{0514C33D-B6C1-4C93-8807-C0897B1CB3EF}.Release|x64.ActiveCfg = Release|x64
		{0514C33D-B6C1-4C93-8807-C0897B1CB3EF}.Release|x64.Build.0 = Release|x64
		{0514C33D-B6C1-4C93-8807-C0897B1CB3EF}.Release|x86.ActiveCfg = Release|Win32
		{0514C33D-B6C1-4C93-8807-C0897B1CB3EF}.Release|x86.Build.0 = Release|Win32
		{B67CC09C-9FA0-4E1D-A299-B7DE35B6B479}.Debug|x64.ActiveCfg = Debug|x64
		{B67CC09C-9FA0-4E1D-A299-B7DE35B6B479}.Debug|x64.Build.0 = Debug|x64
		{B67CC09C-9FA0-4E1D-A299-B7DE35B6B479}.Debug|x86.ActiveCfg = Debug|Win32
		{B67CC09C-9FA0-4E1D-A299-B7DE35B6B479}.Debug|x86.Build.0 = Debug|Win32
		{B67CC09C-9FA0-4E1D-A299-B7DE35B6B479}.Release|x64.ActiveCfg = Release|x64
		{B67CC09C-9FA0-4E1D-A299-B7DE35B6B479}.Release|x64.Build.0 = Release|x64
		{B67CC09C-9FA0-4E1D-A299-B7DE35B6B479}.Release|x86.ActiveCfg = Release|Win32
		{B67CC09C-9FA0-4E1D-A299-B7DE35B6B479}.Release|x86.Build.0 = Release|Win32
		{97A944C6-6A1E-4214-AA61-31344F9BA240}.Debug|x64.ActiveCfg = Debug|x64
		{97A944C6-6A1E-4214-AA61-31344F9BA240}.Debug|x64.Build.0 = Debug|x64
		{97A944C6-6A1E-4214-AA61-31344F9BA240}.Debug|x86.ActiveCfg = Debug|Win32
		{97A944C6-6A1E-4214-AA61-31344F9BA240}.Debug|x86.Build.0 = Debug|Win32
		{97A944C6-6A1E-4214-AA61-31344F9BA240}.Release|x64.ActiveCfg = Release|x64
		{97A944C6-6A1E-4214-AA61-31344F9BA240}.Release|x64.Build.0 = Release|x64
		{97A944C6-6A1E-4214-AA61-31344F9BA240}.Release|x86.ActiveCfg = Release|Win32
		{97A944C6-6A1E-4214-AA61-31344F9BA240}.Release|x86.Build.0 = Release|Win32
		{432A257C-A386-40E9-9478-C27978B52924}.Debug|x64.ActiveCfg = Debug|x64
		{432A257C-A386-40E9-9478-C27978B52924}.Debug|x64.Build.0 = Debug|x64
		{432A257C-A386-40E9-9478-C27978B52924}.Debug|x86.ActiveCfg = Debug|Win32
		{432A257C-A386-40E9-9478-C27978B52924}.Debug|x86.Build.0 = Debug|Win32
		{432A257C-A386-40E9-9478-C27978B52924}.Release|x64.ActiveCfg = Release|x64
		{432A257C-A386-40E9-9478-C27978B52924}.Release|x64.Build.0 = Release|x64
		{432A257C-A386-40E9-9478-C27978B52924}.Release|x86.ActiveCfg = Release|Win32
		{432A257C-A386-40E9-9478-C27978B52924}.Release|x86.Build.0 = Release|Win32
	EndGlobalSection
	GlobalSection(SolutionProperties) = preSolution
		HideSolutionNode = FALSE
	EndGlobalSection
	GlobalSection(ExtensibilityGlobals) = postSolution
		SolutionGuid = {C3B47DDA-CE10-45EA-9144-7D8DDE41945C}
	EndGlobalSection
EndGlobal
