
Microsoft Visual Studio Solution File, Format Version 12.00
# Visual Studio Version 17
VisualStudioVersion = 17.8.34322.80
MinimumVisualStudioVersion = 10.0.40219.1
Project("{8BC9CEB8-8B4A-11D0-8D11-00A0C91BC942}") = "01_Intro", "01_Intro\01_Intro.vcxproj", "{9CD02809-5EB9-45CE-9B85-62A2491D733A}"
EndProject
Project("{8BC9CEB8-8B4A-11D0-8D11-00A0C91BC942}") = "02_LogicOperstors", "02_LogicOperstors\02_LogicOperstors.vcxproj", "{909B59D9-789E-4511-B368-860208247608}"
EndProject
Project("{8BC9CEB8-8B4A-11D0-8D11-00A0C91BC942}") = "03_SwitchEnumWhileDoWhile", "03_SwitchEnumWhileDoWhile\03_SwitchEnumWhileDoWhile.vcxproj", "{E952490F-C860-4D23-9738-487DD7DC1A5E}"
EndProject
Project("{8BC9CEB8-8B4A-11D0-8D11-00A0C91BC942}") = "04_For", "04_For\04_For.vcxproj", "{A51B91AA-A76C-411B-9692-986DA2471E45}"
EndProject
Project("{8BC9CEB8-8B4A-11D0-8D11-00A0C91BC942}") = "05_Array", "05_Array\05_Array.vcxproj", "{E17D6DC9-C7D5-4F6B-A9A6-EE05CCA63298}"
EndProject
Project("{8BC9CEB8-8B4A-11D0-8D11-00A0C91BC942}") = "06_Two_Array", "06_Two_Array\06_Two_Array.vcxproj", "{7C439D9F-6DB3-48A6-B682-D018ADD2DF04}"
EndProject
Project("{8BC9CEB8-8B4A-11D0-8D11-00A0C91BC942}") = "07_Functions", "06_Functions\06_Functions.vcxproj", "{D985F633-11CE-4CFD-8EF9-9C82A4C12D81}"
EndProject
Project("{8BC9CEB8-8B4A-11D0-8D11-00A0C91BC942}") = "08_OverloadFunctions", "08_OverloadFunctions\08_OverloadFunctions.vcxproj", "{2E0F48C0-212A-4D8E-9CFA-350749D87F74}"
EndProject
Project("{8BC9CEB8-8B4A-11D0-8D11-00A0C91BC942}") = "09_LinearSearchSort", "09_LinearSearchSort\09_LinearSearchSort.vcxproj", "{9F9F2F23-D6A6-4AE3-86A6-897398AC212C}"
EndProject
Project("{8BC9CEB8-8B4A-11D0-8D11-00A0C91BC942}") = "10_Pointers", "10_Pointers\10_Pointers.vcxproj", "{23B6D079-55A2-42EC-9380-9F97A8CA8505}"
EndProject
Project("{8BC9CEB8-8B4A-11D0-8D11-00A0C91BC942}") = "11_LinksSetPosSetColorSetw", "11_LinksSetPosSetColorSetw\11_LinksSetPosSetColorSetw.vcxproj", "{65DA7285-76AF-4967-88EC-E4407E4F7266}"
EndProject
Project("{8BC9CEB8-8B4A-11D0-8D11-00A0C91BC942}") = "12_C_Style", "12_C_Style\12_C_Style.vcxproj", "{AB89154D-BB19-4D48-B419-1E46FD75A577}"
EndProject
Project("{8BC9CEB8-8B4A-11D0-8D11-00A0C91BC942}") = "13_DynamicMemory", "13_DynamicMemory\13_DynamicMemory.vcxproj", "{8031E63F-D105-45A3-9474-BC4C3142FE28}"
EndProject
Project("{8BC9CEB8-8B4A-11D0-8D11-00A0C91BC942}") = "14_TwoDynamArr", "14_TwoDynamArr\14_TwoDynamArr.vcxproj", "{EBDE6BE4-A598-488A-864F-5521DA0E666D}"
EndProject
Project("{8BC9CEB8-8B4A-11D0-8D11-00A0C91BC942}") = "15_Struct", "15_Struct\15_Struct.vcxproj", "{1FA6EA54-CD00-48AC-8B45-4514ABA47AEF}"
EndProject
Project("{8BC9CEB8-8B4A-11D0-8D11-00A0C91BC942}") = "16_StructSaveToFile", "16_StructSaveToFile\16_StructSaveToFile.vcxproj", "{B05BE55D-B3F9-4A1B-A98B-CF39081A4FA7}"
EndProject
Project("{8BC9CEB8-8B4A-11D0-8D11-00A0C91BC942}") = "17_IntroToOOP", "17_IntroToOOP\17_IntroToOOP.vcxproj", "{042B7A76-27E0-4E00-9E6F-EC5DD6238DB9}"
EndProject
Project("{8BC9CEB8-8B4A-11D0-8D11-00A0C91BC942}") = "18_ConstructorsDestructor", "18_ConstructorsDestructor\18_ConstructorsDestructor.vcxproj", "{500C6570-B043-4639-BF09-4046635173A3}"
EndProject
Global
	GlobalSection(SolutionConfigurationPlatforms) = preSolution
		Debug|x64 = Debug|x64
		Debug|x86 = Debug|x86
		Release|x64 = Release|x64
		Release|x86 = Release|x86
	EndGlobalSection
	GlobalSection(ProjectConfigurationPlatforms) = postSolution
		{9CD02809-5EB9-45CE-9B85-62A2491D733A}.Debug|x64.ActiveCfg = Debug|x64
		{9CD02809-5EB9-45CE-9B85-62A2491D733A}.Debug|x64.Build.0 = Debug|x64
		{9CD02809-5EB9-45CE-9B85-62A2491D733A}.Debug|x86.ActiveCfg = Debug|Win32
		{9CD02809-5EB9-45CE-9B85-62A2491D733A}.Debug|x86.Build.0 = Debug|Win32
		{9CD02809-5EB9-45CE-9B85-62A2491D733A}.Release|x64.ActiveCfg = Release|x64
		{9CD02809-5EB9-45CE-9B85-62A2491D733A}.Release|x64.Build.0 = Release|x64
		{9CD02809-5EB9-45CE-9B85-62A2491D733A}.Release|x86.ActiveCfg = Release|Win32
		{9CD02809-5EB9-45CE-9B85-62A2491D733A}.Release|x86.Build.0 = Release|Win32
		{909B59D9-789E-4511-B368-860208247608}.Debug|x64.ActiveCfg = Debug|x64
		{909B59D9-789E-4511-B368-860208247608}.Debug|x64.Build.0 = Debug|x64
		{909B59D9-789E-4511-B368-860208247608}.Debug|x86.ActiveCfg = Debug|Win32
		{909B59D9-789E-4511-B368-860208247608}.Debug|x86.Build.0 = Debug|Win32
		{909B59D9-789E-4511-B368-860208247608}.Release|x64.ActiveCfg = Release|x64
		{909B59D9-789E-4511-B368-860208247608}.Release|x64.Build.0 = Release|x64
		{909B59D9-789E-4511-B368-860208247608}.Release|x86.ActiveCfg = Release|Win32
		{909B59D9-789E-4511-B368-860208247608}.Release|x86.Build.0 = Release|Win32
		{E952490F-C860-4D23-9738-487DD7DC1A5E}.Debug|x64.ActiveCfg = Debug|x64
		{E952490F-C860-4D23-9738-487DD7DC1A5E}.Debug|x64.Build.0 = Debug|x64
		{E952490F-C860-4D23-9738-487DD7DC1A5E}.Debug|x86.ActiveCfg = Debug|Win32
		{E952490F-C860-4D23-9738-487DD7DC1A5E}.Debug|x86.Build.0 = Debug|Win32
		{E952490F-C860-4D23-9738-487DD7DC1A5E}.Release|x64.ActiveCfg = Release|x64
		{E952490F-C860-4D23-9738-487DD7DC1A5E}.Release|x64.Build.0 = Release|x64
		{E952490F-C860-4D23-9738-487DD7DC1A5E}.Release|x86.ActiveCfg = Release|Win32
		{E952490F-C860-4D23-9738-487DD7DC1A5E}.Release|x86.Build.0 = Release|Win32
		{A51B91AA-A76C-411B-9692-986DA2471E45}.Debug|x64.ActiveCfg = Debug|x64
		{A51B91AA-A76C-411B-9692-986DA2471E45}.Debug|x64.Build.0 = Debug|x64
		{A51B91AA-A76C-411B-9692-986DA2471E45}.Debug|x86.ActiveCfg = Debug|Win32
		{A51B91AA-A76C-411B-9692-986DA2471E45}.Debug|x86.Build.0 = Debug|Win32
		{A51B91AA-A76C-411B-9692-986DA2471E45}.Release|x64.ActiveCfg = Release|x64
		{A51B91AA-A76C-411B-9692-986DA2471E45}.Release|x64.Build.0 = Release|x64
		{A51B91AA-A76C-411B-9692-986DA2471E45}.Release|x86.ActiveCfg = Release|Win32
		{A51B91AA-A76C-411B-9692-986DA2471E45}.Release|x86.Build.0 = Release|Win32
		{E17D6DC9-C7D5-4F6B-A9A6-EE05CCA63298}.Debug|x64.ActiveCfg = Debug|x64
		{E17D6DC9-C7D5-4F6B-A9A6-EE05CCA63298}.Debug|x64.Build.0 = Debug|x64
		{E17D6DC9-C7D5-4F6B-A9A6-EE05CCA63298}.Debug|x86.ActiveCfg = Debug|Win32
		{E17D6DC9-C7D5-4F6B-A9A6-EE05CCA63298}.Debug|x86.Build.0 = Debug|Win32
		{E17D6DC9-C7D5-4F6B-A9A6-EE05CCA63298}.Release|x64.ActiveCfg = Release|x64
		{E17D6DC9-C7D5-4F6B-A9A6-EE05CCA63298}.Release|x64.Build.0 = Release|x64
		{E17D6DC9-C7D5-4F6B-A9A6-EE05CCA63298}.Release|x86.ActiveCfg = Release|Win32
		{E17D6DC9-C7D5-4F6B-A9A6-EE05CCA63298}.Release|x86.Build.0 = Release|Win32
		{7C439D9F-6DB3-48A6-B682-D018ADD2DF04}.Debug|x64.ActiveCfg = Debug|x64
		{7C439D9F-6DB3-48A6-B682-D018ADD2DF04}.Debug|x64.Build.0 = Debug|x64
		{7C439D9F-6DB3-48A6-B682-D018ADD2DF04}.Debug|x86.ActiveCfg = Debug|Win32
		{7C439D9F-6DB3-48A6-B682-D018ADD2DF04}.Debug|x86.Build.0 = Debug|Win32
		{7C439D9F-6DB3-48A6-B682-D018ADD2DF04}.Release|x64.ActiveCfg = Release|x64
		{7C439D9F-6DB3-48A6-B682-D018ADD2DF04}.Release|x64.Build.0 = Release|x64
		{7C439D9F-6DB3-48A6-B682-D018ADD2DF04}.Release|x86.ActiveCfg = Release|Win32
		{7C439D9F-6DB3-48A6-B682-D018ADD2DF04}.Release|x86.Build.0 = Release|Win32
		{D985F633-11CE-4CFD-8EF9-9C82A4C12D81}.Debug|x64.ActiveCfg = Debug|x64
		{D985F633-11CE-4CFD-8EF9-9C82A4C12D81}.Debug|x64.Build.0 = Debug|x64
		{D985F633-11CE-4CFD-8EF9-9C82A4C12D81}.Debug|x86.ActiveCfg = Debug|Win32
		{D985F633-11CE-4CFD-8EF9-9C82A4C12D81}.Debug|x86.Build.0 = Debug|Win32
		{D985F633-11CE-4CFD-8EF9-9C82A4C12D81}.Release|x64.ActiveCfg = Release|x64
		{D985F633-11CE-4CFD-8EF9-9C82A4C12D81}.Release|x64.Build.0 = Release|x64
		{D985F633-11CE-4CFD-8EF9-9C82A4C12D81}.Release|x86.ActiveCfg = Release|Win32
		{D985F633-11CE-4CFD-8EF9-9C82A4C12D81}.Release|x86.Build.0 = Release|Win32
		{2E0F48C0-212A-4D8E-9CFA-350749D87F74}.Debug|x64.ActiveCfg = Debug|x64
		{2E0F48C0-212A-4D8E-9CFA-350749D87F74}.Debug|x64.Build.0 = Debug|x64
		{2E0F48C0-212A-4D8E-9CFA-350749D87F74}.Debug|x86.ActiveCfg = Debug|Win32
		{2E0F48C0-212A-4D8E-9CFA-350749D87F74}.Debug|x86.Build.0 = Debug|Win32
		{2E0F48C0-212A-4D8E-9CFA-350749D87F74}.Release|x64.ActiveCfg = Release|x64
		{2E0F48C0-212A-4D8E-9CFA-350749D87F74}.Release|x64.Build.0 = Release|x64
		{2E0F48C0-212A-4D8E-9CFA-350749D87F74}.Release|x86.ActiveCfg = Release|Win32
		{2E0F48C0-212A-4D8E-9CFA-350749D87F74}.Release|x86.Build.0 = Release|Win32
		{9F9F2F23-D6A6-4AE3-86A6-897398AC212C}.Debug|x64.ActiveCfg = Debug|x64
		{9F9F2F23-D6A6-4AE3-86A6-897398AC212C}.Debug|x64.Build.0 = Debug|x64
		{9F9F2F23-D6A6-4AE3-86A6-897398AC212C}.Debug|x86.ActiveCfg = Debug|Win32
		{9F9F2F23-D6A6-4AE3-86A6-897398AC212C}.Debug|x86.Build.0 = Debug|Win32
		{9F9F2F23-D6A6-4AE3-86A6-897398AC212C}.Release|x64.ActiveCfg = Release|x64
		{9F9F2F23-D6A6-4AE3-86A6-897398AC212C}.Release|x64.Build.0 = Release|x64
		{9F9F2F23-D6A6-4AE3-86A6-897398AC212C}.Release|x86.ActiveCfg = Release|Win32
		{9F9F2F23-D6A6-4AE3-86A6-897398AC212C}.Release|x86.Build.0 = Release|Win32
		{23B6D079-55A2-42EC-9380-9F97A8CA8505}.Debug|x64.ActiveCfg = Debug|x64
		{23B6D079-55A2-42EC-9380-9F97A8CA8505}.Debug|x64.Build.0 = Debug|x64
		{23B6D079-55A2-42EC-9380-9F97A8CA8505}.Debug|x86.ActiveCfg = Debug|Win32
		{23B6D079-55A2-42EC-9380-9F97A8CA8505}.Debug|x86.Build.0 = Debug|Win32
		{23B6D079-55A2-42EC-9380-9F97A8CA8505}.Release|x64.ActiveCfg = Release|x64
		{23B6D079-55A2-42EC-9380-9F97A8CA8505}.Release|x64.Build.0 = Release|x64
		{23B6D079-55A2-42EC-9380-9F97A8CA8505}.Release|x86.ActiveCfg = Release|Win32
		{23B6D079-55A2-42EC-9380-9F97A8CA8505}.Release|x86.Build.0 = Release|Win32
		{65DA7285-76AF-4967-88EC-E4407E4F7266}.Debug|x64.ActiveCfg = Debug|x64
		{65DA7285-76AF-4967-88EC-E4407E4F7266}.Debug|x64.Build.0 = Debug|x64
		{65DA7285-76AF-4967-88EC-E4407E4F7266}.Debug|x86.ActiveCfg = Debug|Win32
		{65DA7285-76AF-4967-88EC-E4407E4F7266}.Debug|x86.Build.0 = Debug|Win32
		{65DA7285-76AF-4967-88EC-E4407E4F7266}.Release|x64.ActiveCfg = Release|x64
		{65DA7285-76AF-4967-88EC-E4407E4F7266}.Release|x64.Build.0 = Release|x64
		{65DA7285-76AF-4967-88EC-E4407E4F7266}.Release|x86.ActiveCfg = Release|Win32
		{65DA7285-76AF-4967-88EC-E4407E4F7266}.Release|x86.Build.0 = Release|Win32
		{AB89154D-BB19-4D48-B419-1E46FD75A577}.Debug|x64.ActiveCfg = Debug|x64
		{AB89154D-BB19-4D48-B419-1E46FD75A577}.Debug|x64.Build.0 = Debug|x64
		{AB89154D-BB19-4D48-B419-1E46FD75A577}.Debug|x86.ActiveCfg = Debug|Win32
		{AB89154D-BB19-4D48-B419-1E46FD75A577}.Debug|x86.Build.0 = Debug|Win32
		{AB89154D-BB19-4D48-B419-1E46FD75A577}.Release|x64.ActiveCfg = Release|x64
		{AB89154D-BB19-4D48-B419-1E46FD75A577}.Release|x64.Build.0 = Release|x64
		{AB89154D-BB19-4D48-B419-1E46FD75A577}.Release|x86.ActiveCfg = Release|Win32
		{AB89154D-BB19-4D48-B419-1E46FD75A577}.Release|x86.Build.0 = Release|Win32
		{8031E63F-D105-45A3-9474-BC4C3142FE28}.Debug|x64.ActiveCfg = Debug|x64
		{8031E63F-D105-45A3-9474-BC4C3142FE28}.Debug|x64.Build.0 = Debug|x64
		{8031E63F-D105-45A3-9474-BC4C3142FE28}.Debug|x86.ActiveCfg = Debug|Win32
		{8031E63F-D105-45A3-9474-BC4C3142FE28}.Debug|x86.Build.0 = Debug|Win32
		{8031E63F-D105-45A3-9474-BC4C3142FE28}.Release|x64.ActiveCfg = Release|x64
		{8031E63F-D105-45A3-9474-BC4C3142FE28}.Release|x64.Build.0 = Release|x64
		{8031E63F-D105-45A3-9474-BC4C3142FE28}.Release|x86.ActiveCfg = Release|Win32
		{8031E63F-D105-45A3-9474-BC4C3142FE28}.Release|x86.Build.0 = Release|Win32
		{EBDE6BE4-A598-488A-864F-5521DA0E666D}.Debug|x64.ActiveCfg = Debug|x64
		{EBDE6BE4-A598-488A-864F-5521DA0E666D}.Debug|x64.Build.0 = Debug|x64
		{EBDE6BE4-A598-488A-864F-5521DA0E666D}.Debug|x86.ActiveCfg = Debug|Win32
		{EBDE6BE4-A598-488A-864F-5521DA0E666D}.Debug|x86.Build.0 = Debug|Win32
		{EBDE6BE4-A598-488A-864F-5521DA0E666D}.Release|x64.ActiveCfg = Release|x64
		{EBDE6BE4-A598-488A-864F-5521DA0E666D}.Release|x64.Build.0 = Release|x64
		{EBDE6BE4-A598-488A-864F-5521DA0E666D}.Release|x86.ActiveCfg = Release|Win32
		{EBDE6BE4-A598-488A-864F-5521DA0E666D}.Release|x86.Build.0 = Release|Win32
		{1FA6EA54-CD00-48AC-8B45-4514ABA47AEF}.Debug|x64.ActiveCfg = Debug|x64
		{1FA6EA54-CD00-48AC-8B45-4514ABA47AEF}.Debug|x64.Build.0 = Debug|x64
		{1FA6EA54-CD00-48AC-8B45-4514ABA47AEF}.Debug|x86.ActiveCfg = Debug|Win32
		{1FA6EA54-CD00-48AC-8B45-4514ABA47AEF}.Debug|x86.Build.0 = Debug|Win32
		{1FA6EA54-CD00-48AC-8B45-4514ABA47AEF}.Release|x64.ActiveCfg = Release|x64
		{1FA6EA54-CD00-48AC-8B45-4514ABA47AEF}.Release|x64.Build.0 = Release|x64
		{1FA6EA54-CD00-48AC-8B45-4514ABA47AEF}.Release|x86.ActiveCfg = Release|Win32
		{1FA6EA54-CD00-48AC-8B45-4514ABA47AEF}.Release|x86.Build.0 = Release|Win32
		{B05BE55D-B3F9-4A1B-A98B-CF39081A4FA7}.Debug|x64.ActiveCfg = Debug|x64
		{B05BE55D-B3F9-4A1B-A98B-CF39081A4FA7}.Debug|x64.Build.0 = Debug|x64
		{B05BE55D-B3F9-4A1B-A98B-CF39081A4FA7}.Debug|x86.ActiveCfg = Debug|Win32
		{B05BE55D-B3F9-4A1B-A98B-CF39081A4FA7}.Debug|x86.Build.0 = Debug|Win32
		{B05BE55D-B3F9-4A1B-A98B-CF39081A4FA7}.Release|x64.ActiveCfg = Release|x64
		{B05BE55D-B3F9-4A1B-A98B-CF39081A4FA7}.Release|x64.Build.0 = Release|x64
		{B05BE55D-B3F9-4A1B-A98B-CF39081A4FA7}.Release|x86.ActiveCfg = Release|Win32
		{B05BE55D-B3F9-4A1B-A98B-CF39081A4FA7}.Release|x86.Build.0 = Release|Win32
		{042B7A76-27E0-4E00-9E6F-EC5DD6238DB9}.Debug|x64.ActiveCfg = Debug|x64
		{042B7A76-27E0-4E00-9E6F-EC5DD6238DB9}.Debug|x64.Build.0 = Debug|x64
		{042B7A76-27E0-4E00-9E6F-EC5DD6238DB9}.Debug|x86.ActiveCfg = Debug|Win32
		{042B7A76-27E0-4E00-9E6F-EC5DD6238DB9}.Debug|x86.Build.0 = Debug|Win32
		{042B7A76-27E0-4E00-9E6F-EC5DD6238DB9}.Release|x64.ActiveCfg = Release|x64
		{042B7A76-27E0-4E00-9E6F-EC5DD6238DB9}.Release|x64.Build.0 = Release|x64
		{042B7A76-27E0-4E00-9E6F-EC5DD6238DB9}.Release|x86.ActiveCfg = Release|Win32
		{042B7A76-27E0-4E00-9E6F-EC5DD6238DB9}.Release|x86.Build.0 = Release|Win32
		{500C6570-B043-4639-BF09-4046635173A3}.Debug|x64.ActiveCfg = Debug|x64
		{500C6570-B043-4639-BF09-4046635173A3}.Debug|x64.Build.0 = Debug|x64
		{500C6570-B043-4639-BF09-4046635173A3}.Debug|x86.ActiveCfg = Debug|Win32
		{500C6570-B043-4639-BF09-4046635173A3}.Debug|x86.Build.0 = Debug|Win32
		{500C6570-B043-4639-BF09-4046635173A3}.Release|x64.ActiveCfg = Release|x64
		{500C6570-B043-4639-BF09-4046635173A3}.Release|x64.Build.0 = Release|x64
		{500C6570-B043-4639-BF09-4046635173A3}.Release|x86.ActiveCfg = Release|Win32
		{500C6570-B043-4639-BF09-4046635173A3}.Release|x86.Build.0 = Release|Win32
	EndGlobalSection
	GlobalSection(SolutionProperties) = preSolution
		HideSolutionNode = FALSE
	EndGlobalSection
	GlobalSection(ExtensibilityGlobals) = postSolution
		SolutionGuid = {C3B47DDA-CE10-45EA-9144-7D8DDE41945C}
	EndGlobalSection
EndGlobal
